
Microsoft Visual Studio Solution File, Format Version 12.00
# Visual Studio Version 17
VisualStudioVersion = 17.7.34003.232
MinimumVisualStudioVersion = 10.0.40219.1
Project("{00D1A9C2-B5F0-4AF3-8072-F6C62B433612}") = "ASPNETCoreRazorDatabase", "ASPNETCoreRazorDatabase\ASPNETCoreRazorDatabase.sqlproj", "{1F048A5C-5C50-45D3-9C16-357F2E67F614}"
EndProject
Global
	GlobalSection(SolutionConfigurationPlatforms) = preSolution
		Debug|Any CPU = Debug|Any CPU
		Release|Any CPU = Release|Any CPU
	EndGlobalSection
	GlobalSection(ProjectConfigurationPlatforms) = postSolution
		{1F048A5C-5C50-45D3-9C16-357F2E67F614}.Debug|Any CPU.ActiveCfg = Debug|Any CPU
		{1F048A5C-5C50-45D3-9C16-357F2E67F614}.Debug|Any CPU.Build.0 = Debug|Any CPU
		{1F048A5C-5C50-45D3-9C16-357F2E67F614}.Debug|Any CPU.Deploy.0 = Debug|Any CPU
		{1F048A5C-5C50-45D3-9C16-357F2E67F614}.Release|Any CPU.ActiveCfg = Release|Any CPU
		{1F048A5C-5C50-45D3-9C16-357F2E67F614}.Release|Any CPU.Build.0 = Release|Any CPU
		{1F048A5C-5C50-45D3-9C16-357F2E67F614}.Release|Any CPU.Deploy.0 = Release|Any CPU
	EndGlobalSection
	GlobalSection(SolutionProperties) = preSolution
		HideSolutionNode = FALSE
	EndGlobalSection
	GlobalSection(ExtensibilityGlobals) = postSolution
		SolutionGuid = {785479C4-6ED3-4A7E-9A7E-837C2003ACC9}
	EndGlobalSection
EndGlobal
